<Solution>
  <Folder Name="/deploy/" />
  <Folder Name="/src/">
    <Project Path="src/ShoppingApp.Abstractions/ShoppingApp.Abstractions.csproj" />
    <Project Path="src/ShoppingApp.Common/ShoppingApp.Common.csproj" />
    <Project Path="src/ShoppingApp.Grains/ShoppingApp.Grains.csproj" />
    <Project Path="src/ShoppingApp.WebUI/ShoppingApp.WebUI.csproj" />
  </Folder>
  <Folder Name="/test/" />
</Solution>
